
Microsoft Visual Studio Solution File, Format Version 12.00
# Visual Studio Version 17
VisualStudioVersion = 17.9.34714.143
MinimumVisualStudioVersion = 10.0.40219.1
Project("{FAE04EC0-301F-11D3-BF4B-00C04F79EFBC}") = "nucklebone game", "nucklebone game\nucklebone game.csproj", "{A7C7C345-D0C9-40F2-887A-D0C20F4CD1C5}"
EndProject
Global
	GlobalSection(SolutionConfigurationPlatforms) = preSolution
		Debug|Any CPU = Debug|Any CPU
		Release|Any CPU = Release|Any CPU
	EndGlobalSection
	GlobalSection(ProjectConfigurationPlatforms) = postSolution
		{A7C7C345-D0C9-40F2-887A-D0C20F4CD1C5}.Debug|Any CPU.ActiveCfg = Debug|Any CPU
		{A7C7C345-D0C9-40F2-887A-D0C20F4CD1C5}.Debug|Any CPU.Build.0 = Debug|Any CPU
		{A7C7C345-D0C9-40F2-887A-D0C20F4CD1C5}.Release|Any CPU.ActiveCfg = Release|Any CPU
		{A7C7C345-D0C9-40F2-887A-D0C20F4CD1C5}.Release|Any CPU.Build.0 = Release|Any CPU
	EndGlobalSection
	GlobalSection(SolutionProperties) = preSolution
		HideSolutionNode = FALSE
	EndGlobalSection
	GlobalSection(ExtensibilityGlobals) = postSolution
		SolutionGuid = {AEB5A2A1-CE9C-42EB-85FC-BF412C716D99}
	EndGlobalSection
EndGlobal
